// !$*UTF8*$!
{
	archiveVersion = 1;
	classes = {
	};
	objectVersion = 77;
	objects = {

/* Begin PBXContainerItemProxy section */
		FB5C97563037C2CC002C2999 /* PBXContainerItemProxy */ = {
			isa = PBXContainerItemProxy;
			containerPortal = FB5C97403037C2CB002C2999 /* Project object */;
			proxyType = 1;
			remoteGlobalIDString = FB5C97473037C2CB002C2999;
			remoteInfo = MiPortafolioHabilidades;
		};
		FB5C97603037C2CC002C2999 /* PBXContainerItemProxy */ = {
			isa = PBXContainerItemProxy;
			containerPortal = FB5C97403037C2CB002C2999 /* Project object */;
			proxyType = 1;
			remoteGlobalIDString = FB5C97473037C2CB002C2999;
			remoteInfo = MiPortafolioHabilidades;
		};
/* End PBXContainerItemProxy section */

/* Begin PBXFileReference section */
		FB5C97483037C2CB002C2999 /* MiPortafolioHabilidades.app */ = {isa = PBXFileReference; explicitFileType = wrapper.application; includeInIndex = 0; path = MiPortafolioHabilidades.app; sourceTree = BUILT_PRODUCTS_DIR; };
		FB5C97553037C2CC002C2999 /* MiPortafolioHabilidadesTests.xctest */ = {isa = PBXFileReference; explicitFileType = wrapper.cfbundle; includeInIndex = 0; path = MiPortafolioHabilidadesTests.xctest; sourceTree = BUILT_PRODUCTS_DIR; };
		FB5C975F3037C2CC002C2999 /* MiPortafolioHabilidadesUITests.xctest */ = {isa = PBXFileReference; explicitFileType = wrapper.cfbundle; includeInIndex = 0; path = MiPortafolioHabilidadesUITests.xctest; sourceTree = BUILT_PRODUCTS_DIR; };
/* End PBXFileReference section */

/* Begin PBXFileSystemSynchronizedRootGroup section */
		FB5C974A3037C2CB002C2999 /* MiPortafolioHabilidades */ = {
			isa = PBXFileSystemSynchronizedRootGroup;
			path = MiPortafolioHabilidades;
			sourceTree = "<group>";
		};
		FB5C97583037C2CC002C2999 /* MiPortafolioHabilidadesTests */ = {
			isa = PBXFileSystemSynchronizedRootGroup;
			path = MiPortafolioHabilidadesTests;
			sourceTree = "<group>";
		};
		FB5C97623037C2CC002C2999 /* MiPortafolioHabilidadesUITests */ = {
			isa = PBXFileSystemSynchronizedRootGroup;
			path = MiPortafolioHabilidadesUITests;
			sourceTree = "<group>";
		};
/* End PBXFileSystemSynchronizedRootGroup section */

/* Begin PBXFrameworksBuildPhase section */
		FB5C97453037C2CB002C2999 /* Frameworks */ = {
			isa = PBXFrameworksBuildPhase;
			buildActionMask = 2147483647;
			files = (
			);
			runOnlyForDeploymentPostprocessing = 0;
		};
		FB5C97523037C2CC002C2999 /* Frameworks */ = {
			isa = PBXFrameworksBuildPhase;
			buildActionMask = 2147483647;
			files = (
			);
			runOnlyForDeploymentPostprocessing = 0;
		};
		FB5C975C3037C2CC002C2999 /* Frameworks */ = {
			isa = PBXFrameworksBuildPhase;
			buildActionMask = 2147483647;
			files = (
			);
			runOnlyForDeploymentPostprocessing = 0;
		};
/* End PBXFrameworksBuildPhase section */

/* Begin PBXGroup section */
		FB5C973F3037C2CB002C2999 = {
			isa = PBXGroup;
			children = (
				FB5C974A3037C2CB002C2999 /* MiPortafolioHabilidades */,
				FB5C97583037C2CC002C2999 /* MiPortafolioHabilidadesTests */,
				FB5C97623037C2CC002C2999 /* MiPortafolioHabilidadesUITests */,
				FB5C97493037C2CB002C2999 /* Products */,
			);
			sourceTree = "<group>";
		};
		FB5C97493037C2CB002C2999 /* Products */ = {
			isa = PBXGroup;
			children = (
				FB5C97483037C2CB002C2999 /* MiPortafolioHabilidades.app */,
				FB5C97553037C2CC002C2999 /* MiPortafolioHabilidadesTests.xctest */,
				FB5C975F3037C2CC002C2999 /* MiPortafolioHabilidadesUITests.xctest */,
			);
			name = Products;
			sourceTree = "<group>";
		};
/* End PBXGroup section */

/* Begin PBXNativeTarget section */
		FB5C97473037C2CB002C2999 /* MiPortafolioHabilidades */ = {
			isa = PBXNativeTarget;
			buildConfigurationList = FB5C97693037C2CC002C2999 /* Build configuration list for PBXNativeTarget "MiPortafolioHabilidades" */;
			buildPhases = (
				FB5C97443037C2CB002C2999 /* Sources */,
				FB5C97453037C2CB002C2999 /* Frameworks */,
				FB5C97463037C2CB002C2999 /* Resources */,
			);
			buildRules = (
			);
			dependencies = (
			);
			fileSystemSynchronizedGroups = (
				FB5C974A3037C2CB002C2999 /* MiPortafolioHabilidades */,
			);
			name = MiPortafolioHabilidades;
			packageProductDependencies = (
			);
			productName = MiPortafolioHabilidades;
			productReference = FB5C97483037C2CB002C2999 /* MiPortafolioHabilidades.app */;
			productType = "com.apple.product-type.application";
		};
		FB5C97543037C2CC002C2999 /* MiPortafolioHabilidadesTests */ = {
			isa = PBXNativeTarget;
			buildConfigurationList = FB5C976C3037C2CC002C2999 /* Build configuration list for PBXNativeTarget "MiPortafolioHabilidadesTests" */;
			buildPhases = (
				FB5C97513037C2CC002C2999 /* Sources */,
				FB5C97523037C2CC002C2999 /* Frameworks */,
				FB5C97533037C2CC002C2999 /* Resources */,
			);
			buildRules = (
			);
			dependencies = (
				FB5C97573037C2CC002C2999 /* PBXTargetDependency */,
			);
			fileSystemSynchronizedGroups = (
				FB5C97583037C2CC002C2999 /* MiPortafolioHabilidadesTests */,
			);
			name = MiPortafolioHabilidadesTests;
			packageProductDependencies = (
			);
			productName = MiPortafolioHabilidadesTests;
			productReference = FB5C97553037C2CC002C2999 /* MiPortafolioHabilidadesTests.xctest */;
			productType = "com.apple.product-type.bundle.unit-test";
		};
		FB5C975E3037C2CC002C2999 /* MiPortafolioHabilidadesUITests */ = {
			isa = PBXNativeTarget;
			buildConfigurationList = FB5C976F3037C2CC002C2999 /* Build configuration list for PBXNativeTarget "MiPortafolioHabilidadesUITests" */;
			buildPhases = (
				FB5C975B3037C2CC002C2999 /* Sources */,
				FB5C975C3037C2CC002C2999 /* Frameworks */,
				FB5C975D3037C2CC002C2999 /* Resources */,
			);
			buildRules = (
			);
			dependencies = (
				FB5C97613037C2CC002C2999 /* PBXTargetDependency */,
			);
			fileSystemSynchronizedGroups = (
				FB5C97623037C2CC002C2999 /* MiPortafolioHabilidadesUITests */,
			);
			name = MiPortafolioHabilidadesUITests;
			packageProductDependencies = (
			);
			productName = MiPortafolioHabilidadesUITests;
			productReference = FB5C975F3037C2CC002C2999 /* MiPortafolioHabilidadesUITests.xctest */;
			productType = "com.apple.product-type.bundle.ui-testing";
		};
/* End PBXNativeTarget section */

/* Begin PBXProject section */
		FB5C97403037C2CB002C2999 /* Project object */ = {
			isa = PBXProject;
			attributes = {
				BuildIndependentTargetsInParallel = 1;
				LastSwiftUpdateCheck = 2660;
				LastUpgradeCheck = 2660;
				TargetAttributes = {
					FB5C97473037C2CB002C2999 = {
						CreatedOnToolsVersion = 26.6;
					};
					FB5C97543037C2CC002C2999 = {
						CreatedOnToolsVersion = 26.6;
						TestTargetID = FB5C97473037C2CB002C2999;
					};
					FB5C975E3037C2CC002C2999 = {
						CreatedOnToolsVersion = 26.6;
						TestTargetID = FB5C97473037C2CB002C2999;
					};
				};
			};
			buildConfigurationList = FB5C97433037C2CB002C2999 /* Build configuration list for PBXProject "MiPortafolioHabilidades" */;
			developmentRegion = en;
			hasScannedForEncodings = 0;
			knownRegions = (
				en,
				Base,
			);
			mainGroup = FB5C973F3037C2CB002C2999;
			minimizedProjectReferenceProxies = 1;
			preferredProjectObjectVersion = 77;
			productRefGroup = FB5C97493037C2CB002C2999 /* Products */;
			projectDirPath = "";
			projectRoot = "";
			targets = (
				FB5C97473037C2CB002C2999 /* MiPortafolioHabilidades */,
				FB5C97543037C2CC002C2999 /* MiPortafolioHabilidadesTests */,
				FB5C975E3037C2CC002C2999 /* MiPortafolioHabilidadesUITests */,
			);
		};
/* End PBXProject section */

/* Begin PBXResourcesBuildPhase section */
		FB5C97463037C2CB002C2999 /* Resources */ = {
			isa = PBXResourcesBuildPhase;
			buildActionMask = 2147483647;
			files = (
			);
			runOnlyForDeploymentPostprocessing = 0;
		};
		FB5C97533037C2CC002C2999 /* Resources */ = {
			isa = PBXResourcesBuildPhase;
			buildActionMask = 2147483647;
			files = (
			);
			runOnlyForDeploymentPostprocessing = 0;
		};
		FB5C975D3037C2CC002C2999 /* Resources */ = {
			isa = PBXResourcesBuildPhase;
			buildActionMask = 2147483647;
			files = (
			);
			runOnlyForDeploymentPostprocessing = 0;
		};
/* End PBXResourcesBuildPhase section */

/* Begin PBXSourcesBuildPhase section */
		FB5C97443037C2CB002C2999 /* Sources */ = {
			isa = PBXSourcesBuildPhase;
			buildActionMask = 2147483647;
			files = (
			);
			runOnlyForDeploymentPostprocessing = 0;
		};
		FB5C97513037C2CC002C2999 /* Sources */ = {
			isa = PBXSourcesBuildPhase;
			buildActionMask = 2147483647;
			files = (
			);
			runOnlyForDeploymentPostprocessing = 0;
		};
		FB5C975B3037C2CC002C2999 /* Sources */ = {
			isa = PBXSourcesBuildPhase;
			buildActionMask = 2147483647;
			files = (
			);
			runOnlyForDeploymentPostprocessing = 0;
		};
/* End PBXSourcesBuildPhase section */

/* Begin PBXTargetDependency section */
		FB5C97573037C2CC002C2999 /* PBXTargetDependency */ = {
			isa = PBXTargetDependency;
			target = FB5C97473037C2CB002C2999 /* MiPortafolioHabilidades */;
			targetProxy = FB5C97563037C2CC002C2999 /* PBXContainerItemProxy */;
		};
		FB5C97613037C2CC002C2999 /* PBXTargetDependency */ = {
			isa = PBXTargetDependency;
			target = FB5C97473037C2CB002C2999 /* MiPortafolioHabilidades */;
			targetProxy = FB5C97603037C2CC002C2999 /* PBXContainerItemProxy */;
		};
/* End PBXTargetDependency section */

/* Begin XCBuildConfiguration section */
		FB5C97673037C2CC002C2999 /* Debug */ = {
			isa = XCBuildConfiguration;
			buildSettings = {
				ALWAYS_SEARCH_USER_PATHS = NO;
				ASSETCATALOG_COMPILER_GENERATE_SWIFT_ASSET_SYMBOL_EXTENSIONS = YES;
				CLANG_ANALYZER_NONNULL = YES;
				CLANG_ANALYZER_NUMBER_OBJECT_CONVERSION = YES_AGGRESSIVE;
				CLANG_CXX_LANGUAGE_STANDARD = "gnu++20";
				CLANG_ENABLE_MODULES = YES;
				CLANG_ENABLE_OBJC_ARC = YES;
				CLANG_ENABLE_OBJC_WEAK = YES;
				CLANG_WARN_BLOCK_CAPTURE_AUTORELEASING = YES;
				CLANG_WARN_BOOL_CONVERSION = YES;
				CLANG_WARN_COMMA = YES;
				CLANG_WARN_CONSTANT_CONVERSION = YES;
				CLANG_WARN_DEPRECATED_OBJC_IMPLEMENTATIONS = YES;
				CLANG_WARN_DIRECT_OBJC_ISA_USAGE = YES_ERROR;
				CLANG_WARN_DOCUMENTATION_COMMENTS = YES;
				CLANG_WARN_EMPTY_BODY = YES;
				CLANG_WARN_ENUM_CONVERSION = YES;
				CLANG_WARN_INFINITE_RECURSION = YES;
				CLANG_WARN_INT_CONVERSION = YES;
				CLANG_WARN_NON_LITERAL_NULL_CONVERSION = YES;
				CLANG_WARN_OBJC_IMPLICIT_RETAIN_SELF = YES;
				CLANG_WARN_OBJC_LITERAL_CONVERSION = YES;
				CLANG_WARN_OBJC_ROOT_CLASS = YES_ERROR;
				CLANG_WARN_QUOTED_INCLUDE_IN_FRAMEWORK_HEADER = YES;
				CLANG_WARN_RANGE_LOOP_ANALYSIS = YES;
				CLANG_WARN_STRICT_PROTOTYPES = YES;
				CLANG_WARN_SUSPICIOUS_MOVE = YES;
				CLANG_WARN_UNGUARDED_AVAILABILITY = YES_AGGRESSIVE;
				CLANG_WARN_UNREACHABLE_CODE = YES;
				CLANG_WARN__DUPLICATE_METHOD_MATCH = YES;
				COPY_PHASE_STRIP = NO;
				DEBUG_INFORMATION_FORMAT = dwarf;
				ENABLE_STRICT_OBJC_MSGSEND = YES;
				ENABLE_TESTABILITY = YES;
				ENABLE_USER_SCRIPT_SANDBOXING = YES;
				GCC_C_LANGUAGE_STANDARD = gnu17;
				GCC_DYNAMIC_NO_PIC = NO;
				GCC_NO_COMMON_BLOCKS = YES;
				GCC_OPTIMIZATION_LEVEL = 0;
				GCC_PREPROCESSOR_DEFINITIONS = (
					"DEBUG=1",
					"$(inherited)",
				);
				GCC_WARN_64_TO_32_BIT_CONVERSION = YES;
				GCC_WARN_ABOUT_RETURN_TYPE = YES_ERROR;
				GCC_WARN_UNDECLARED_SELECTOR = YES;
				GCC_WARN_UNINITIALIZED_AUTOS = YES_AGGRESSIVE;
				GCC_WARN_UNUSED_FUNCTION = YES;
				GCC_WARN_UNUSED_VARIABLE = YES;
				IPHONEOS_DEPLOYMENT_TARGET = 26.5;
				LOCALIZATION_PREFERS_STRING_CATALOGS = YES;
				MTL_ENABLE_DEBUG_INFO = INCLUDE_SOURCE;
				MTL_FAST_MATH = YES;
				ONLY_ACTIVE_ARCH = YES;
				SDKROOT = iphoneos;
				SWIFT_ACTIVE_COMPILATION_CONDITIONS = "DEBUG $(inherited)";
				SWIFT_OPTIMIZATION_LEVEL = "-Onone";
			};
			name = Debug;
		};
		FB5C97683037C2CC002C2999 /* Release */ = {
			isa = XCBuildConfiguration;
			buildSettings = {
				ALWAYS_SEARCH_USER_PATHS = NO;
				ASSETCATALOG_COMPILER_GENERATE_SWIFT_ASSET_SYMBOL_EXTENSIONS = YES;
				CLANG_ANALYZER_NONNULL = YES;
				CLANG_ANALYZER_NUMBER_OBJECT_CONVERSION = YES_AGGRESSIVE;
				CLANG_CXX_LANGUAGE_STANDARD = "gnu++20";
				CLANG_ENABLE_MODULES = YES;
				CLANG_ENABLE_OBJC_ARC = YES;
				CLANG_ENABLE_OBJC_WEAK = YES;
				CLANG_WARN_BLOCK_CAPTURE_AUTORELEASING = YES;
				CLANG_WARN_BOOL_CONVERSION = YES;
				CLANG_WARN_COMMA = YES;
				CLANG_WARN_CONSTANT_CONVERSION = YES;
				CLANG_WARN_DEPRECATED_OBJC_IMPLEMENTATIONS = YES;
				CLANG_WARN_DIRECT_OBJC_ISA_USAGE = YES_ERROR;
				CLANG_WARN_DOCUMENTATION_COMMENTS = YES;
				CLANG_WARN_EMPTY_BODY = YES;
				CLANG_WARN_ENUM_CONVERSION = YES;
				CLANG_WARN_INFINITE_RECURSION = YES;
				CLANG_WARN_INT_CONVERSION = YES;
				CLANG_WARN_NON_LITERAL_NULL_CONVERSION = YES;
				CLANG_WARN_OBJC_IMPLICIT_RETAIN_SELF = YES;
				CLANG_WARN_OBJC_LITERAL_CONVERSION = YES;
				CLANG_WARN_OBJC_ROOT_CLASS = YES_ERROR;
				CLANG_WARN_QUOTED_INCLUDE_IN_FRAMEWORK_HEADER = YES;
				CLANG_WARN_RANGE_LOOP_ANALYSIS = YES;
				CLANG_WARN_STRICT_PROTOTYPES = YES;
				CLANG_WARN_SUSPICIOUS_MOVE = YES;
				CLANG_WARN_UNGUARDED_AVAILABILITY = YES_AGGRESSIVE;
				CLANG_WARN_UNREACHABLE_CODE = YES;
				CLANG_WARN__DUPLICATE_METHOD_MATCH = YES;
				COPY_PHASE_STRIP = NO;
				DEBUG_INFORMATION_FORMAT = "dwarf-with-dsym";
				ENABLE_NS_ASSERTIONS = NO;
				ENABLE_STRICT_OBJC_MSGSEND = YES;
				ENABLE_USER_SCRIPT_SANDBOXING = YES;
				GCC_C_LANGUAGE_STANDARD = gnu17;
				GCC_NO_COMMON_BLOCKS = YES;
				GCC_WARN_64_TO_32_BIT_CONVERSION = YES;
				GCC_WARN_ABOUT_RETURN_TYPE = YES_ERROR;
				GCC_WARN_UNDECLARED_SELECTOR = YES;
				GCC_WARN_UNINITIALIZED_AUTOS = YES_AGGRESSIVE;
				GCC_WARN_UNUSED_FUNCTION = YES;
				GCC_WARN_UNUSED_VARIABLE = YES;
				IPHONEOS_DEPLOYMENT_TARGET = 26.5;
				LOCALIZATION_PREFERS_STRING_CATALOGS = YES;
				MTL_ENABLE_DEBUG_INFO = NO;
				MTL_FAST_MATH = YES;
				SDKROOT = iphoneos;
				SWIFT_COMPILATION_MODE = wholemodule;
				VALIDATE_PRODUCT = YES;
			};
			name = Release;
		};
		FB5C976A3037C2CC002C2999 /* Debug */ = {
			isa = XCBuildConfiguration;
			buildSettings = {
				ASSETCATALOG_COMPILER_APPICON_NAME = AppIcon;
				ASSETCATALOG_COMPILER_GLOBAL_ACCENT_COLOR_NAME = AccentColor;
				CODE_SIGN_STYLE = Automatic;
				CURRENT_PROJECT_VERSION = 1;
				ENABLE_PREVIEWS = YES;
				GENERATE_INFOPLIST_FILE = YES;
				INFOPLIST_KEY_UIApplicationSceneManifest_Generation = YES;
				INFOPLIST_KEY_UIApplicationSupportsIndirectInputEvents = YES;
				INFOPLIST_KEY_UILaunchScreen_Generation = YES;
				INFOPLIST_KEY_UISupportedInterfaceOrientations_iPad = "UIInterfaceOrientationPortrait UIInterfaceOrientationPortraitUpsideDown UIInterfaceOrientationLandscapeLeft UIInterfaceOrientationLandscapeRight";
				INFOPLIST_KEY_UISupportedInterfaceOrientations_iPhone = "UIInterfaceOrientationPortrait UIInterfaceOrientationLandscapeLeft UIInterfaceOrientationLandscapeRight";
				LD_RUNPATH_SEARCH_PATHS = (
					"$(inherited)",
					"@executable_path/Frameworks",
				);
				MARKETING_VERSION = 1.0;
				PRODUCT_BUNDLE_IDENTIFIER = "act2-emi.MiPortafolioHabilidades";
				PRODUCT_NAME = "$(TARGET_NAME)";
				STRING_CATALOG_GENERATE_SYMBOLS = YES;
				SWIFT_APPROACHABLE_CONCURRENCY = YES;
				SWIFT_DEFAULT_ACTOR_ISOLATION = MainActor;
				SWIFT_EMIT_LOC_STRINGS = YES;
				SWIFT_UPCOMING_FEATURE_MEMBER_IMPORT_VISIBILITY = YES;
				SWIFT_VERSION = 5.0;
				TARGETED_DEVICE_FAMILY = "1,2";
			};
			name = Debug;
		};
		FB5C976B3037C2CC002C2999 /* Release */ = {
			isa = XCBuildConfiguration;
			buildSettings = {
				ASSETCATALOG_COMPILER_APPICON_NAME = AppIcon;
				ASSETCATALOG_COMPILER_GLOBAL_ACCENT_COLOR_NAME = AccentColor;
				CODE_SIGN_STYLE = Automatic;
				CURRENT_PROJECT_VERSION = 1;
				ENABLE_PREVIEWS = YES;
				GENERATE_INFOPLIST_FILE = YES;
				INFOPLIST_KEY_UIApplicationSceneManifest_Generation = YES;
				INFOPLIST_KEY_UIApplicationSupportsIndirectInputEvents = YES;
				INFOPLIST_KEY_UILaunchScreen_Generation = YES;
				INFOPLIST_KEY_UISupportedInterfaceOrientations_iPad = "UIInterfaceOrientationPortrait UIInterfaceOrientationPortraitUpsideDown UIInterfaceOrientationLandscapeLeft UIInterfaceOrientationLandscapeRight";
				INFOPLIST_KEY_UISupportedInterfaceOrientations_iPhone = "UIInterfaceOrientationPortrait UIInterfaceOrientationLandscapeLeft UIInterfaceOrientationLandscapeRight";
				LD_RUNPATH_SEARCH_PATHS = (
					"$(inherited)",
					"@executable_path/Frameworks",
				);
				MARKETING_VERSION = 1.0;
				PRODUCT_BUNDLE_IDENTIFIER = "act2-emi.MiPortafolioHabilidades";
				PRODUCT_NAME = "$(TARGET_NAME)";
				STRING_CATALOG_GENERATE_SYMBOLS = YES;
				SWIFT_APPROACHABLE_CONCURRENCY = YES;
				SWIFT_DEFAULT_ACTOR_ISOLATION = MainActor;
				SWIFT_EMIT_LOC_STRINGS = YES;
				SWIFT_UPCOMING_FEATURE_MEMBER_IMPORT_VISIBILITY = YES;
				SWIFT_VERSION = 5.0;
				TARGETED_DEVICE_FAMILY = "1,2";
			};
			name = Release;
		};
		FB5C976D3037C2CC002C2999 /* Debug */ = {
			isa = XCBuildConfiguration;
			buildSettings = {
				BUNDLE_LOADER = "$(TEST_HOST)";
				CODE_SIGN_STYLE = Automatic;
				CURRENT_PROJECT_VERSION = 1;
				GENERATE_INFOPLIST_FILE = YES;
				IPHONEOS_DEPLOYMENT_TARGET = 26.5;
				MARKETING_VERSION = 1.0;
				PRODUCT_BUNDLE_IDENTIFIER = "act2-emi.MiPortafolioHabilidadesTests";
				PRODUCT_NAME = "$(TARGET_NAME)";
				STRING_CATALOG_GENERATE_SYMBOLS = NO;
				SWIFT_APPROACHABLE_CONCURRENCY = YES;
				SWIFT_EMIT_LOC_STRINGS = NO;
				SWIFT_UPCOMING_FEATURE_MEMBER_IMPORT_VISIBILITY = YES;
				SWIFT_VERSION = 5.0;
				TARGETED_DEVICE_FAMILY = "1,2";
				TEST_HOST = "$(BUILT_PRODUCTS_DIR)/MiPortafolioHabilidades.app/$(BUNDLE_EXECUTABLE_FOLDER_PATH)/MiPortafolioHabilidades";
			};
			name = Debug;
		};
		FB5C976E3037C2CC002C2999 /* Release */ = {
			isa = XCBuildConfiguration;
			buildSettings = {
				BUNDLE_LOADER = "$(TEST_HOST)";
				CODE_SIGN_STYLE = Automatic;
				CURRENT_PROJECT_VERSION = 1;
				GENERATE_INFOPLIST_FILE = YES;
				IPHONEOS_DEPLOYMENT_TARGET = 26.5;
				MARKETING_VERSION = 1.0;
				PRODUCT_BUNDLE_IDENTIFIER = "act2-emi.MiPortafolioHabilidadesTests";
				PRODUCT_NAME = "$(TARGET_NAME)";
				STRING_CATALOG_GENERATE_SYMBOLS = NO;
				SWIFT_APPROACHABLE_CONCURRENCY = YES;
				SWIFT_EMIT_LOC_STRINGS = NO;
				SWIFT_UPCOMING_FEATURE_MEMBER_IMPORT_VISIBILITY = YES;
				SWIFT_VERSION = 5.0;
				TARGETED_DEVICE_FAMILY = "1,2";
				TEST_HOST = "$(BUILT_PRODUCTS_DIR)/MiPortafolioHabilidades.app/$(BUNDLE_EXECUTABLE_FOLDER_PATH)/MiPortafolioHabilidades";
			};
			name = Release;
		};
		FB5C97703037C2CC002C2999 /* Debug */ = {
			isa = XCBuildConfiguration;
			buildSettings = {
				CODE_SIGN_STYLE = Automatic;
				CURRENT_PROJECT_VERSION = 1;
				GENERATE_INFOPLIST_FILE = YES;
				MARKETING_VERSION = 1.0;
				PRODUCT_BUNDLE_IDENTIFIER = "act2-emi.MiPortafolioHabilidadesUITests";
				PRODUCT_NAME = "$(TARGET_NAME)";
				STRING_CATALOG_GENERATE_SYMBOLS = NO;
				SWIFT_APPROACHABLE_CONCURRENCY = YES;
				SWIFT_EMIT_LOC_STRINGS = NO;
				SWIFT_UPCOMING_FEATURE_MEMBER_IMPORT_VISIBILITY = YES;
				SWIFT_VERSION = 5.0;
				TARGETED_DEVICE_FAMILY = "1,2";
				TEST_TARGET_NAME = MiPortafolioHabilidades;
			};
			name = Debug;
		};
		FB5C97713037C2CC002C2999 /* Release */ = {
			isa = XCBuildConfiguration;
			buildSettings = {
				CODE_SIGN_STYLE = Automatic;
				CURRENT_PROJECT_VERSION = 1;
				GENERATE_INFOPLIST_FILE = YES;
				MARKETING_VERSION = 1.0;
				PRODUCT_BUNDLE_IDENTIFIER = "act2-emi.MiPortafolioHabilidadesUITests";
				PRODUCT_NAME = "$(TARGET_NAME)";
				STRING_CATALOG_GENERATE_SYMBOLS = NO;
				SWIFT_APPROACHABLE_CONCURRENCY = YES;
				SWIFT_EMIT_LOC_STRINGS = NO;
				SWIFT_UPCOMING_FEATURE_MEMBER_IMPORT_VISIBILITY = YES;
				SWIFT_VERSION = 5.0;
				TARGETED_DEVICE_FAMILY = "1,2";
				TEST_TARGET_NAME = MiPortafolioHabilidades;
			};
			name = Release;
		};
/* End XCBuildConfiguration section */

/* Begin XCConfigurationList section */
		FB5C97433037C2CB002C2999 /* Build configuration list for PBXProject "MiPortafolioHabilidades" */ = {
			isa = XCConfigurationList;
			buildConfigurations = (
				FB5C97673037C2CC002C2999 /* Debug */,
				FB5C97683037C2CC002C2999 /* Release */,
			);
			defaultConfigurationIsVisible = 0;
			defaultConfigurationName = Release;
		};
		FB5C97693037C2CC002C2999 /* Build configuration list for PBXNativeTarget "MiPortafolioHabilidades" */ = {
			isa = XCConfigurationList;
			buildConfigurations = (
				FB5C976A3037C2CC002C2999 /* Debug */,
				FB5C976B3037C2CC002C2999 /* Release */,
			);
			defaultConfigurationIsVisible = 0;
			defaultConfigurationName = Release;
		};
		FB5C976C3037C2CC002C2999 /* Build configuration list for PBXNativeTarget "MiPortafolioHabilidadesTests" */ = {
			isa = XCConfigurationList;
			buildConfigurations = (
				FB5C976D3037C2CC002C2999 /* Debug */,
				FB5C976E3037C2CC002C2999 /* Release */,
			);
			defaultConfigurationIsVisible = 0;
			defaultConfigurationName = Release;
		};
		FB5C976F3037C2CC002C2999 /* Build configuration list for PBXNativeTarget "MiPortafolioHabilidadesUITests" */ = {
			isa = XCConfigurationList;
			buildConfigurations = (
				FB5C97703037C2CC002C2999 /* Debug */,
				FB5C97713037C2CC002C2999 /* Release */,
			);
			defaultConfigurationIsVisible = 0;
			defaultConfigurationName = Release;
		};
/* End XCConfigurationList section */
	};
	rootObject = FB5C97403037C2CB002C2999 /* Project object */;
}
